Microsoft Visual Studio Solution File, Format Version 12.00
# Visual Studio Version 17
VisualStudioVersion = 17.5.2.0
MinimumVisualStudioVersion = 10.0.40219.1
Project("{FAE04EC0-301F-11D3-BF4B-00C04F79EFBC}") = "Module8Challenge", "Module8Challenge\Module8Challenge.csproj", "{197114C5-907A-CB02-FAC3-A2984BC56CDC}"
EndProject
Global
	GlobalSection(SolutionConfigurationPlatforms) = preSolution
		Debug|Any CPU = Debug|Any CPU
		Release|Any CPU = Release|Any CPU
	EndGlobalSection
	GlobalSection(ProjectConfigurationPlatforms) = postSolution
		{197114C5-907A-CB02-FAC3-A2984BC56CDC}.Debug|Any CPU.ActiveCfg = Debug|Any CPU
		{197114C5-907A-CB02-FAC3-A2984BC56CDC}.Debug|Any CPU.Build.0 = Debug|Any CPU
		{197114C5-907A-CB02-FAC3-A2984BC56CDC}.Release|Any CPU.ActiveCfg = Release|Any CPU
		{197114C5-907A-CB02-FAC3-A2984BC56CDC}.Release|Any CPU.Build.0 = Release|Any CPU
	EndGlobalSection
	GlobalSection(SolutionProperties) = preSolution
		HideSolutionNode = FALSE
	EndGlobalSection
	GlobalSection(ExtensibilityGlobals) = postSolution
		SolutionGuid = {F0D49BFB-46BC-4F67-9DF6-898B47C8001B}
	EndGlobalSection
EndGlobal
